
Microsoft Visual Studio Solution File, Format Version 12.00
# Visual Studio Version 16
VisualStudioVersion = 16.0.30011.22
MinimumVisualStudioVersion = 10.0.40219.1
Project("{FAE04EC0-301F-11D3-BF4B-00C04F79EFBC}") = "MB2Banner", "MB2Banner\MB2Banner.csproj", "{B7C7AA95-91CA-4944-A269-E04721EE7214}"
EndProject
Global
	GlobalSection(SolutionConfigurationPlatforms) = preSolution
		Debug|Any CPU = Debug|Any CPU
		Release|Any CPU = Release|Any CPU
	EndGlobalSection
	GlobalSection(ProjectConfigurationPlatforms) = postSolution
		{B7C7AA95-91CA-4944-A269-E04721EE7214}.Debug|Any CPU.ActiveCfg = Debug|Any CPU
		{B7C7AA95-91CA-4944-A269-E04721EE7214}.Debug|Any CPU.Build.0 = Debug|Any CPU
		{B7C7AA95-91CA-4944-A269-E04721EE7214}.Release|Any CPU.ActiveCfg = Release|Any CPU
		{B7C7AA95-91CA-4944-A269-E04721EE7214}.Release|Any CPU.Build.0 = Release|Any CPU
	EndGlobalSection
	GlobalSection(SolutionProperties) = preSolution
		HideSolutionNode = FALSE
	EndGlobalSection
	GlobalSection(ExtensibilityGlobals) = postSolution
		SolutionGuid = {DFB5217A-9B9C-4312-9319-16A85B3B404F}
	EndGlobalSection
EndGlobal
